github.com/XiaoConstantine/rlm-go v0.1.0 h1:8JE41S2SleX5COSQTe0GArnAYf0SEXX+wTjJSgSqAq8=
github.com/XiaoConstantine/rlm-go v0.1.0/go.mod h1:9aOZq1eeu00apdvcYLbnDLrnYAgrjbOf5ypKGe2uLKA=
github.com/yuin/goldmark v1.7.13 h1:GPddIs617DnBLFFVJFgpo1aBfe/4xcvMc3SB5t/D0pA=
github.com/yuin/goldmark v1.7.13/go.mod h1:ip/1k0VRfGynBgxOz0yCqHrbZXhcjxyuS66Brc7iBKg=
